
Microsoft Visual Studio Solution File, Format Version 12.00
# Visual Studio 15
VisualStudioVersion = 15.0.27130.0
MinimumVisualStudioVersion = 10.0.40219.1
Project("{FAE04EC0-301F-11D3-BF4B-00C04F79EFBC}") = "TakeMedicineBoosterThreshold", "TakeMedicineBoosterThreshold\TakeMedicineBoosterThreshold.csproj", "{56C0573F-6C39-4E14-A53F-7311032C9B44}"
EndProject
Project("{FAE04EC0-301F-11D3-BF4B-00C04F79EFBC}") = "WaterSieveDynamicOutput", "WaterSieveDynamicOutput\WaterSieveDynamicOutput.csproj", "{442044B3-16D5-429D-94D8-9729315C07ED}"
EndProject
Project("{FAE04EC0-301F-11D3-BF4B-00C04F79EFBC}") = "PipedAlgaeTerrarium", "PipedAlgaeTerrarium\PipedAlgaeTerrarium.csproj", "{D2D396F8-6A3C-45AE-B56F-2E27E33ECDAE}"
EndProject
Project("{FAE04EC0-301F-11D3-BF4B-00C04F79EFBC}") = "ConveyorFilter", "ConveyorFilter\ConveyorFilter.csproj", "{19D2FF7C-0358-4A60-B02E-4B387CA632FB}"
EndProject
Project("{FAE04EC0-301F-11D3-BF4B-00C04F79EFBC}") = "CritterNumberSensor", "CritterNumberSensor\CritterNumberSensor.csproj", "{26732273-755E-410A-96CF-B8018CF5F526}"
EndProject
Project("{FAE04EC0-301F-11D3-BF4B-00C04F79EFBC}") = "ConveyorShutoff", "ConveyorShutoff\ConveyorShutoff.csproj", "{E8E7D56F-CB73-4CC1-8280-C621A79FF0E5}"
EndProject
Project("{FAE04EC0-301F-11D3-BF4B-00C04F79EFBC}") = "MosaicTile", "MosaicTile\MosaicTile.csproj", "{49AAD1B7-5895-40C3-96AA-92F169F66B98}"
EndProject
Project("{2150E333-8FDC-42A3-9474-1A3956D46DE8}") = "BuildableProps", "BuildableProps", "{453D4D6E-9E0D-4D8A-88A8-67F0CC06BACF}"
EndProject
Project("{FAE04EC0-301F-11D3-BF4B-00C04F79EFBC}") = "SteelLadder", "SteelLadder\SteelLadder.csproj", "{8A9E219D-EF57-4493-92E4-5E509BFFA4E1}"
EndProject
Project("{FAE04EC0-301F-11D3-BF4B-00C04F79EFBC}") = "Clock", "Clock\Clock.csproj", "{FA41F86D-BE0C-4BC0-889B-48C620C252CD}"
EndProject
Project("{FAE04EC0-301F-11D3-BF4B-00C04F79EFBC}") = "Chair", "Chair\Chair.csproj", "{548283C7-AAEE-4229-AAA6-9BC003C71374}"
EndProject
Project("{FAE04EC0-301F-11D3-BF4B-00C04F79EFBC}") = "ComputerDesk", "ComputerDesk\ComputerDesk.csproj", "{62109E95-1568-4631-8743-3198FC05B43D}"
EndProject
Project("{FAE04EC0-301F-11D3-BF4B-00C04F79EFBC}") = "Couch", "Couch\Couch.csproj", "{EEC63FB7-0AC8-4A79-B098-B07575EB449B}"
EndProject
Project("{FAE04EC0-301F-11D3-BF4B-00C04F79EFBC}") = "TableWithChairs", "TableWithChairs\TableWithChairs.csproj", "{80994826-EB8B-4942-B4DB-8E87B6561F42}"
EndProject
Project("{FAE04EC0-301F-11D3-BF4B-00C04F79EFBC}") = "DNAStatue", "DNAStatue\DNAStatue.csproj", "{E83812F8-FCBD-4538-B082-4001EE1BB61D}"
EndProject
Project("{FAE04EC0-301F-11D3-BF4B-00C04F79EFBC}") = "DrywallHidesPipes", "DrywallHidesPipes\DrywallHidesPipes.csproj", "{3C56DAA6-6B1A-4961-9D30-D49958873231}"
EndProject
Project("{FAE04EC0-301F-11D3-BF4B-00C04F79EFBC}") = "PrettierConductiveHeavyWattWire", "PrettierConductiveHeavyWattWire\PrettierConductiveHeavyWattWire.csproj", "{975D0A22-CD7F-47CD-8E5D-18FA092686BD}"
EndProject
Project("{FAE04EC0-301F-11D3-BF4B-00C04F79EFBC}") = "DrywallNotEntombed", "DrywallNotEntombed\DrywallNotEntombed.csproj", "{FC271357-6D79-443C-ABE6-18BFD9992C03}"
EndProject
Project("{FAE04EC0-301F-11D3-BF4B-00C04F79EFBC}") = "PWaterToWaterHeatCapacity", "PWaterToWaterHeatCapacity\PWaterToWaterHeatCapacity.csproj", "{9A735721-FA62-494C-A4CA-80C90D97CF4A}"
EndProject
Global
	GlobalSection(SolutionConfigurationPlatforms) = preSolution
		Debug|Any CPU = Debug|Any CPU
		Release|Any CPU = Release|Any CPU
	EndGlobalSection
	GlobalSection(ProjectConfigurationPlatforms) = postSolution
		{56C0573F-6C39-4E14-A53F-7311032C9B44}.Debug|Any CPU.ActiveCfg = Debug|Any CPU
		{56C0573F-6C39-4E14-A53F-7311032C9B44}.Debug|Any CPU.Build.0 = Debug|Any CPU
		{56C0573F-6C39-4E14-A53F-7311032C9B44}.Release|Any CPU.ActiveCfg = Release|Any CPU
		{56C0573F-6C39-4E14-A53F-7311032C9B44}.Release|Any CPU.Build.0 = Release|Any CPU
		{442044B3-16D5-429D-94D8-9729315C07ED}.Debug|Any CPU.ActiveCfg = Debug|Any CPU
		{442044B3-16D5-429D-94D8-9729315C07ED}.Debug|Any CPU.Build.0 = Debug|Any CPU
		{442044B3-16D5-429D-94D8-9729315C07ED}.Release|Any CPU.ActiveCfg = Release|Any CPU
		{442044B3-16D5-429D-94D8-9729315C07ED}.Release|Any CPU.Build.0 = Release|Any CPU
		{D2D396F8-6A3C-45AE-B56F-2E27E33ECDAE}.Debug|Any CPU.ActiveCfg = Debug|Any CPU
		{D2D396F8-6A3C-45AE-B56F-2E27E33ECDAE}.Debug|Any CPU.Build.0 = Debug|Any CPU
		{D2D396F8-6A3C-45AE-B56F-2E27E33ECDAE}.Release|Any CPU.ActiveCfg = Release|Any CPU
		{D2D396F8-6A3C-45AE-B56F-2E27E33ECDAE}.Release|Any CPU.Build.0 = Release|Any CPU
		{19D2FF7C-0358-4A60-B02E-4B387CA632FB}.Debug|Any CPU.ActiveCfg = Debug|Any CPU
		{19D2FF7C-0358-4A60-B02E-4B387CA632FB}.Debug|Any CPU.Build.0 = Debug|Any CPU
		{19D2FF7C-0358-4A60-B02E-4B387CA632FB}.Release|Any CPU.ActiveCfg = Release|Any CPU
		{19D2FF7C-0358-4A60-B02E-4B387CA632FB}.Release|Any CPU.Build.0 = Release|Any CPU
		{26732273-755E-410A-96CF-B8018CF5F526}.Debug|Any CPU.ActiveCfg = Debug|Any CPU
		{26732273-755E-410A-96CF-B8018CF5F526}.Debug|Any CPU.Build.0 = Debug|Any CPU
		{26732273-755E-410A-96CF-B8018CF5F526}.Release|Any CPU.ActiveCfg = Release|Any CPU
		{26732273-755E-410A-96CF-B8018CF5F526}.Release|Any CPU.Build.0 = Release|Any CPU
		{E8E7D56F-CB73-4CC1-8280-C621A79FF0E5}.Debug|Any CPU.ActiveCfg = Debug|Any CPU
		{E8E7D56F-CB73-4CC1-8280-C621A79FF0E5}.Debug|Any CPU.Build.0 = Debug|Any CPU
		{E8E7D56F-CB73-4CC1-8280-C621A79FF0E5}.Release|Any CPU.ActiveCfg = Release|Any CPU
		{E8E7D56F-CB73-4CC1-8280-C621A79FF0E5}.Release|Any CPU.Build.0 = Release|Any CPU
		{49AAD1B7-5895-40C3-96AA-92F169F66B98}.Debug|Any CPU.ActiveCfg = Debug|Any CPU
		{49AAD1B7-5895-40C3-96AA-92F169F66B98}.Debug|Any CPU.Build.0 = Debug|Any CPU
		{49AAD1B7-5895-40C3-96AA-92F169F66B98}.Release|Any CPU.ActiveCfg = Release|Any CPU
		{49AAD1B7-5895-40C3-96AA-92F169F66B98}.Release|Any CPU.Build.0 = Release|Any CPU
		{8A9E219D-EF57-4493-92E4-5E509BFFA4E1}.Debug|Any CPU.ActiveCfg = Debug|Any CPU
		{8A9E219D-EF57-4493-92E4-5E509BFFA4E1}.Debug|Any CPU.Build.0 = Debug|Any CPU
		{8A9E219D-EF57-4493-92E4-5E509BFFA4E1}.Release|Any CPU.ActiveCfg = Release|Any CPU
		{8A9E219D-EF57-4493-92E4-5E509BFFA4E1}.Release|Any CPU.Build.0 = Release|Any CPU
		{FA41F86D-BE0C-4BC0-889B-48C620C252CD}.Debug|Any CPU.ActiveCfg = Debug|Any CPU
		{FA41F86D-BE0C-4BC0-889B-48C620C252CD}.Debug|Any CPU.Build.0 = Debug|Any CPU
		{FA41F86D-BE0C-4BC0-889B-48C620C252CD}.Release|Any CPU.ActiveCfg = Release|Any CPU
		{FA41F86D-BE0C-4BC0-889B-48C620C252CD}.Release|Any CPU.Build.0 = Release|Any CPU
		{548283C7-AAEE-4229-AAA6-9BC003C71374}.Debug|Any CPU.ActiveCfg = Debug|Any CPU
		{548283C7-AAEE-4229-AAA6-9BC003C71374}.Debug|Any CPU.Build.0 = Debug|Any CPU
		{548283C7-AAEE-4229-AAA6-9BC003C71374}.Release|Any CPU.ActiveCfg = Release|Any CPU
		{548283C7-AAEE-4229-AAA6-9BC003C71374}.Release|Any CPU.Build.0 = Release|Any CPU
		{62109E95-1568-4631-8743-3198FC05B43D}.Debug|Any CPU.ActiveCfg = Debug|Any CPU
		{62109E95-1568-4631-8743-3198FC05B43D}.Debug|Any CPU.Build.0 = Debug|Any CPU
		{62109E95-1568-4631-8743-3198FC05B43D}.Release|Any CPU.ActiveCfg = Release|Any CPU
		{62109E95-1568-4631-8743-3198FC05B43D}.Release|Any CPU.Build.0 = Release|Any CPU
		{EEC63FB7-0AC8-4A79-B098-B07575EB449B}.Debug|Any CPU.ActiveCfg = Debug|Any CPU
		{EEC63FB7-0AC8-4A79-B098-B07575EB449B}.Debug|Any CPU.Build.0 = Debug|Any CPU
		{EEC63FB7-0AC8-4A79-B098-B07575EB449B}.Release|Any CPU.ActiveCfg = Release|Any CPU
		{EEC63FB7-0AC8-4A79-B098-B07575EB449B}.Release|Any CPU.Build.0 = Release|Any CPU
		{80994826-EB8B-4942-B4DB-8E87B6561F42}.Debug|Any CPU.ActiveCfg = Debug|Any CPU
		{80994826-EB8B-4942-B4DB-8E87B6561F42}.Debug|Any CPU.Build.0 = Debug|Any CPU
		{80994826-EB8B-4942-B4DB-8E87B6561F42}.Release|Any CPU.ActiveCfg = Release|Any CPU
		{80994826-EB8B-4942-B4DB-8E87B6561F42}.Release|Any CPU.Build.0 = Release|Any CPU
		{E83812F8-FCBD-4538-B082-4001EE1BB61D}.Debug|Any CPU.ActiveCfg = Debug|Any CPU
		{E83812F8-FCBD-4538-B082-4001EE1BB61D}.Debug|Any CPU.Build.0 = Debug|Any CPU
		{E83812F8-FCBD-4538-B082-4001EE1BB61D}.Release|Any CPU.ActiveCfg = Release|Any CPU
		{E83812F8-FCBD-4538-B082-4001EE1BB61D}.Release|Any CPU.Build.0 = Release|Any CPU
		{3C56DAA6-6B1A-4961-9D30-D49958873231}.Debug|Any CPU.ActiveCfg = Debug|Any CPU
		{3C56DAA6-6B1A-4961-9D30-D49958873231}.Debug|Any CPU.Build.0 = Debug|Any CPU
		{3C56DAA6-6B1A-4961-9D30-D49958873231}.Release|Any CPU.ActiveCfg = Release|Any CPU
		{3C56DAA6-6B1A-4961-9D30-D49958873231}.Release|Any CPU.Build.0 = Release|Any CPU
		{975D0A22-CD7F-47CD-8E5D-18FA092686BD}.Debug|Any CPU.ActiveCfg = Debug|Any CPU
		{975D0A22-CD7F-47CD-8E5D-18FA092686BD}.Debug|Any CPU.Build.0 = Debug|Any CPU
		{975D0A22-CD7F-47CD-8E5D-18FA092686BD}.Release|Any CPU.ActiveCfg = Release|Any CPU
		{975D0A22-CD7F-47CD-8E5D-18FA092686BD}.Release|Any CPU.Build.0 = Release|Any CPU
		{FC271357-6D79-443C-ABE6-18BFD9992C03}.Debug|Any CPU.ActiveCfg = Debug|Any CPU
		{FC271357-6D79-443C-ABE6-18BFD9992C03}.Debug|Any CPU.Build.0 = Debug|Any CPU
		{FC271357-6D79-443C-ABE6-18BFD9992C03}.Release|Any CPU.ActiveCfg = Release|Any CPU
		{FC271357-6D79-443C-ABE6-18BFD9992C03}.Release|Any CPU.Build.0 = Release|Any CPU
		{9A735721-FA62-494C-A4CA-80C90D97CF4A}.Debug|Any CPU.ActiveCfg = Debug|Any CPU
		{9A735721-FA62-494C-A4CA-80C90D97CF4A}.Debug|Any CPU.Build.0 = Debug|Any CPU
		{9A735721-FA62-494C-A4CA-80C90D97CF4A}.Release|Any CPU.ActiveCfg = Release|Any CPU
		{9A735721-FA62-494C-A4CA-80C90D97CF4A}.Release|Any CPU.Build.0 = Release|Any CPU
	EndGlobalSection
	GlobalSection(SolutionProperties) = preSolution
		HideSolutionNode = FALSE
	EndGlobalSection
	GlobalSection(NestedProjects) = preSolution
		{49AAD1B7-5895-40C3-96AA-92F169F66B98} = {453D4D6E-9E0D-4D8A-88A8-67F0CC06BACF}
		{8A9E219D-EF57-4493-92E4-5E509BFFA4E1} = {453D4D6E-9E0D-4D8A-88A8-67F0CC06BACF}
		{FA41F86D-BE0C-4BC0-889B-48C620C252CD} = {453D4D6E-9E0D-4D8A-88A8-67F0CC06BACF}
		{548283C7-AAEE-4229-AAA6-9BC003C71374} = {453D4D6E-9E0D-4D8A-88A8-67F0CC06BACF}
		{62109E95-1568-4631-8743-3198FC05B43D} = {453D4D6E-9E0D-4D8A-88A8-67F0CC06BACF}
		{EEC63FB7-0AC8-4A79-B098-B07575EB449B} = {453D4D6E-9E0D-4D8A-88A8-67F0CC06BACF}
		{80994826-EB8B-4942-B4DB-8E87B6561F42} = {453D4D6E-9E0D-4D8A-88A8-67F0CC06BACF}
		{E83812F8-FCBD-4538-B082-4001EE1BB61D} = {453D4D6E-9E0D-4D8A-88A8-67F0CC06BACF}
	EndGlobalSection
	GlobalSection(ExtensibilityGlobals) = postSolution
		SolutionGuid = {A891E594-F383-4A36-B723-E43117F7F1B4}
	EndGlobalSection
EndGlobal
