
Microsoft Visual Studio Solution File, Format Version 12.00
# Visual Studio Version 16
VisualStudioVersion = 16.0.29123.88
MinimumVisualStudioVersion = 10.0.40219.1
Project("{9A19103F-16F7-4668-BE54-9A1E7A4F7556}") = "PipedAlgaeTerrarium", "PipedAlgaeTerrarium\PipedAlgaeTerrarium.csproj", "{D2D396F8-6A3C-45AE-B56F-2E27E33ECDAE}"
	ProjectSection(ProjectDependencies) = postProject
		{2DED5B57-FD32-4F67-88B5-924AC4300952} = {2DED5B57-FD32-4F67-88B5-924AC4300952}
	EndProjectSection
EndProject
Project("{9A19103F-16F7-4668-BE54-9A1E7A4F7556}") = "MosaicTile", "MosaicTile\MosaicTile.csproj", "{49AAD1B7-5895-40C3-96AA-92F169F66B98}"
	ProjectSection(ProjectDependencies) = postProject
		{2DED5B57-FD32-4F67-88B5-924AC4300952} = {2DED5B57-FD32-4F67-88B5-924AC4300952}
	EndProjectSection
EndProject
Project("{9A19103F-16F7-4668-BE54-9A1E7A4F7556}") = "SteelLadder", "SteelLadder\SteelLadder.csproj", "{8A9E219D-EF57-4493-92E4-5E509BFFA4E1}"
EndProject
Project("{9A19103F-16F7-4668-BE54-9A1E7A4F7556}") = "BiggerCameraZoomOut", "BiggerCameraZoomOut\BiggerCameraZoomOut.csproj", "{8AFBB895-9E85-49A8-BAA2-009B836C4BB8}"
EndProject
Project("{9A19103F-16F7-4668-BE54-9A1E7A4F7556}") = "DebugDoesNotDiscoverMap", "DebugDoesNotDiscoverMap\DebugDoesNotDiscoverMap.csproj", "{9A77C55D-CF9C-4E16-ACA4-9844821F67DA}"
	ProjectSection(ProjectDependencies) = postProject
		{2DED5B57-FD32-4F67-88B5-924AC4300952} = {2DED5B57-FD32-4F67-88B5-924AC4300952}
	EndProjectSection
EndProject
Project("{9A19103F-16F7-4668-BE54-9A1E7A4F7556}") = "FlowSplitters", "FlowSplitters\FlowSplitters.csproj", "{26766715-4733-45CB-BDFE-4A544091AEBC}"
	ProjectSection(ProjectDependencies) = postProject
		{2DED5B57-FD32-4F67-88B5-924AC4300952} = {2DED5B57-FD32-4F67-88B5-924AC4300952}
	EndProjectSection
EndProject
Project("{9A19103F-16F7-4668-BE54-9A1E7A4F7556}") = "RefinedMetalsUsableAsRawMetals", "RefinedMetalsUsableAsRawMetals\RefinedMetalsUsableAsRawMetals.csproj", "{B732436D-6C87-487B-86D2-10E3F270E4B5}"
	ProjectSection(ProjectDependencies) = postProject
		{2DED5B57-FD32-4F67-88B5-924AC4300952} = {2DED5B57-FD32-4F67-88B5-924AC4300952}
	EndProjectSection
EndProject
Project("{9A19103F-16F7-4668-BE54-9A1E7A4F7556}") = "DecorLights", "DecorLights\DecorLights.csproj", "{81AF11CC-7A6A-4F2A-BE2A-EB928E10E088}"
	ProjectSection(ProjectDependencies) = postProject
		{2DED5B57-FD32-4F67-88B5-924AC4300952} = {2DED5B57-FD32-4F67-88B5-924AC4300952}
	EndProjectSection
EndProject
Project("{9A19103F-16F7-4668-BE54-9A1E7A4F7556}") = "BuildablePOIProps", "BuildablePOIProps\BuildablePOIProps.csproj", "{172D2D02-9391-4913-92CE-2E77EE5980BB}"
	ProjectSection(ProjectDependencies) = postProject
		{2DED5B57-FD32-4F67-88B5-924AC4300952} = {2DED5B57-FD32-4F67-88B5-924AC4300952}
	EndProjectSection
EndProject
Project("{9A19103F-16F7-4668-BE54-9A1E7A4F7556}") = "AlgaeGrower", "AlgaeGrower\AlgaeGrower.csproj", "{5260D58E-F491-4BDD-B05C-EB545EE5F89A}"
EndProject
Project("{9A19103F-16F7-4668-BE54-9A1E7A4F7556}") = "PalmeraTree", "PalmeraTree\PalmeraTree.csproj", "{E0E13C69-5124-446D-AE9A-81C844C49830}"
	ProjectSection(ProjectDependencies) = postProject
		{2DED5B57-FD32-4F67-88B5-924AC4300952} = {2DED5B57-FD32-4F67-88B5-924AC4300952}
	EndProjectSection
EndProject
Project("{9A19103F-16F7-4668-BE54-9A1E7A4F7556}") = "DoubleSweeperRange", "DoubleSweeperRange\DoubleSweeperRange.csproj", "{6BC6635F-12EE-4CD9-B26D-05FBB53DB940}"
	ProjectSection(ProjectDependencies) = postProject
		{2DED5B57-FD32-4F67-88B5-924AC4300952} = {2DED5B57-FD32-4F67-88B5-924AC4300952}
	EndProjectSection
EndProject
Project("{9A19103F-16F7-4668-BE54-9A1E7A4F7556}") = "ColorfulShinebugs", "ColorfulShinebugs\ColorfulShinebugs.csproj", "{2D9FE5B8-ABA8-4689-A3FE-398CF3291A2E}"
	ProjectSection(ProjectDependencies) = postProject
		{2DED5B57-FD32-4F67-88B5-924AC4300952} = {2DED5B57-FD32-4F67-88B5-924AC4300952}
	EndProjectSection
EndProject
Project("{9A19103F-16F7-4668-BE54-9A1E7A4F7556}") = "Fervine", "Fervine\Fervine.csproj", "{CABB3EF6-E62F-4932-9544-6B852143230A}"
	ProjectSection(ProjectDependencies) = postProject
		{2DED5B57-FD32-4F67-88B5-924AC4300952} = {2DED5B57-FD32-4F67-88B5-924AC4300952}
	EndProjectSection
EndProject
Project("{9A19103F-16F7-4668-BE54-9A1E7A4F7556}") = "GeyserCalculatedAvgOutputTooltip", "GeyserCalculatedAvgOutputTooltip\GeyserCalculatedAvgOutputTooltip.csproj", "{B046A213-8AF8-4CA1-8024-B3F8209D24CA}"
	ProjectSection(ProjectDependencies) = postProject
		{2DED5B57-FD32-4F67-88B5-924AC4300952} = {2DED5B57-FD32-4F67-88B5-924AC4300952}
	EndProjectSection
EndProject
Project("{9A19103F-16F7-4668-BE54-9A1E7A4F7556}") = "SuitDockStores75Kg", "SuitDockStores75Kg\SuitDockStores75Kg.csproj", "{00887A44-0EB3-455B-956D-1FBCA9A2B7FE}"
EndProject
Project("{9A19103F-16F7-4668-BE54-9A1E7A4F7556}") = "FasterJetpacks", "FasterJetpacks\FasterJetpacks.csproj", "{B0312AD8-CAB1-4FD3-9EE7-EB41208CA537}"
	ProjectSection(ProjectDependencies) = postProject
		{2DED5B57-FD32-4F67-88B5-924AC4300952} = {2DED5B57-FD32-4F67-88B5-924AC4300952}
	EndProjectSection
EndProject
Project("{9A19103F-16F7-4668-BE54-9A1E7A4F7556}") = "PlanBuildingsWithoutMaterials", "PlanBuildingsWithoutMaterials\PlanBuildingsWithoutMaterials.csproj", "{75BDFADD-CE37-42C3-869D-F3EB2C064170}"
EndProject
Project("{9A19103F-16F7-4668-BE54-9A1E7A4F7556}") = "OilWellAnyWater", "OilWellAnyWater\OilWellAnyWater.csproj", "{C8970347-23A9-4950-839F-A8ECE55E25CE}"
	ProjectSection(ProjectDependencies) = postProject
		{2DED5B57-FD32-4F67-88B5-924AC4300952} = {2DED5B57-FD32-4F67-88B5-924AC4300952}
	EndProjectSection
EndProject
Project("{9A19103F-16F7-4668-BE54-9A1E7A4F7556}") = "BiggerBuildingMenu", "BiggerBuildingMenu\BiggerBuildingMenu.csproj", "{0CB63A70-9FA0-4A92-A9BD-C88F4B08F9D2}"
EndProject
Project("{9A19103F-16F7-4668-BE54-9A1E7A4F7556}") = "PaintWalls", "PaintWalls\PaintWalls.csproj", "{A7DFF257-A10A-4574-9A6E-70D0DFF52FF3}"
	ProjectSection(ProjectDependencies) = postProject
		{2DED5B57-FD32-4F67-88B5-924AC4300952} = {2DED5B57-FD32-4F67-88B5-924AC4300952}
	EndProjectSection
EndProject
Project("{9A19103F-16F7-4668-BE54-9A1E7A4F7556}") = "Wallpaper", "Wallpaper\Wallpaper.csproj", "{4D49609F-40B3-4A26-BA6F-1DB0E14D4F47}"
EndProject
Project("{9A19103F-16F7-4668-BE54-9A1E7A4F7556}") = "MarbleTile", "MarbleTile\MarbleTile.csproj", "{B6886803-1704-40F7-81F1-0F6BEFF776A2}"
	ProjectSection(ProjectDependencies) = postProject
		{2DED5B57-FD32-4F67-88B5-924AC4300952} = {2DED5B57-FD32-4F67-88B5-924AC4300952}
	EndProjectSection
EndProject
Project("{9A19103F-16F7-4668-BE54-9A1E7A4F7556}") = "WirelessAutomation", "WirelessAutomation\WirelessAutomation.csproj", "{E0DD3489-4BAD-4EDE-AF0D-DDEB9E149D19}"
EndProject
Project("{9A19103F-16F7-4668-BE54-9A1E7A4F7556}") = "EerieColors", "EerieColors\EerieColors.csproj", "{67E1F9EE-937F-4017-B3FD-1E7777E3D7AF}"
EndProject
Project("{9A19103F-16F7-4668-BE54-9A1E7A4F7556}") = "^CaiLib", "CaiLib\^CaiLib.csproj", "{2DED5B57-FD32-4F67-88B5-924AC4300952}"
EndProject
Project("{9A19103F-16F7-4668-BE54-9A1E7A4F7556}") = "NoLeakyWalls", "NoLeakyWalls\NoLeakyWalls.csproj", "{BEF30A03-2598-41CC-897F-A3C4C85CCD10}"
EndProject
Project("{9A19103F-16F7-4668-BE54-9A1E7A4F7556}") = "ShowIndustrialMachineryTag", "ShowIndustrialMachineryTag\ShowIndustrialMachineryTag.csproj", "{36735139-281B-4A61-BFFD-D12FD187A2EF}"
EndProject
Project("{9A19103F-16F7-4668-BE54-9A1E7A4F7556}") = "ConveyorRailUtilities", "ConveyorRailUtilities\ConveyorRailUtilities.csproj", "{D47BE3E7-1B19-4120-8BA4-60BC31AAF0F8}"
EndProject
Project("{9A19103F-16F7-4668-BE54-9A1E7A4F7556}") = "NoLongCommutes", "NoLongCommutes\NoLongCommutes.csproj", "{034CAEB1-930B-49AC-8F0C-9451F0345176}"
EndProject
Project("{9A19103F-16F7-4668-BE54-9A1E7A4F7556}") = "LessWasteFromJetpacks", "LessWasteFromJetpacks\LessWasteFromJetpacks.csproj", "{185032E8-0A01-47AC-890D-25281FDDC646}"
EndProject
Project("{9A19103F-16F7-4668-BE54-9A1E7A4F7556}") = "WoundedGoToMedBed", "WoundedGoToMedBed\WoundedGoToMedBed.csproj", "{85A32D56-D00E-4703-8066-7BF30EBE1566}"
EndProject
Project("{9A19103F-16F7-4668-BE54-9A1E7A4F7556}") = "DebugDoesNotDisableAchievements", "DebugDoesNotDisableAchievements\DebugDoesNotDisableAchievements.csproj", "{4E2A1264-18B9-46E8-83EC-06616ED3E8FE}"
EndProject
Project("{9A19103F-16F7-4668-BE54-9A1E7A4F7556}") = "AchievementProgress", "AchievementProgress\AchievementProgress.csproj", "{A28E0A6E-BA94-4E5C-AD40-CC18B520F974}"
EndProject
Project("{9A19103F-16F7-4668-BE54-9A1E7A4F7556}") = "NotificationTrigger", "NotificationTrigger\NotificationTrigger.csproj", "{A1A13E01-96CE-403B-B80E-486A34959A80}"
EndProject
Project("{9A19103F-16F7-4668-BE54-9A1E7A4F7556}") = "ConfigurableMotionSensorRange", "ConfigurableMotionSensorRange\ConfigurableMotionSensorRange.csproj", "{5FA2D8E4-A656-4B1F-B3A9-33F7823DDAFD}"
EndProject
Project("{9A19103F-16F7-4668-BE54-9A1E7A4F7556}") = "LightsOut", "LightsOut\LightsOut.csproj", "{3882537B-867B-4C09-9B02-832F005E20BD}"
EndProject
Project("{2150E333-8FDC-42A3-9474-1A3956D46DE8}") = "Solution Items", "Solution Items", "{30EA0E28-B2F3-4E5D-9F97-6C1DF3F149C6}"
	ProjectSection(SolutionItems) = preProject
		.editorconfig = .editorconfig
	EndProjectSection
EndProject
Global
	GlobalSection(SolutionConfigurationPlatforms) = preSolution
		SpacedOutDebug|Any CPU = SpacedOutDebug|Any CPU
		SpacedOutRelease|Any CPU = SpacedOutRelease|Any CPU
		VanillaDebug|Any CPU = VanillaDebug|Any CPU
		VanillaRelease|Any CPU = VanillaRelease|Any CPU
	EndGlobalSection
	GlobalSection(ProjectConfigurationPlatforms) = postSolution
		{D2D396F8-6A3C-45AE-B56F-2E27E33ECDAE}.SpacedOutDebug|Any CPU.ActiveCfg = SpacedOutDebug|Any CPU
		{D2D396F8-6A3C-45AE-B56F-2E27E33ECDAE}.SpacedOutDebug|Any CPU.Build.0 = SpacedOutDebug|Any CPU
		{D2D396F8-6A3C-45AE-B56F-2E27E33ECDAE}.SpacedOutRelease|Any CPU.ActiveCfg = SpacedOutRelease|Any CPU
		{D2D396F8-6A3C-45AE-B56F-2E27E33ECDAE}.SpacedOutRelease|Any CPU.Build.0 = SpacedOutRelease|Any CPU
		{D2D396F8-6A3C-45AE-B56F-2E27E33ECDAE}.VanillaDebug|Any CPU.ActiveCfg = VanillaDebug|Any CPU
		{D2D396F8-6A3C-45AE-B56F-2E27E33ECDAE}.VanillaDebug|Any CPU.Build.0 = VanillaDebug|Any CPU
		{D2D396F8-6A3C-45AE-B56F-2E27E33ECDAE}.VanillaRelease|Any CPU.ActiveCfg = VanillaRelease|Any CPU
		{D2D396F8-6A3C-45AE-B56F-2E27E33ECDAE}.VanillaRelease|Any CPU.Build.0 = VanillaRelease|Any CPU
		{49AAD1B7-5895-40C3-96AA-92F169F66B98}.SpacedOutDebug|Any CPU.ActiveCfg = SpacedOutDebug|Any CPU
		{49AAD1B7-5895-40C3-96AA-92F169F66B98}.SpacedOutDebug|Any CPU.Build.0 = SpacedOutDebug|Any CPU
		{49AAD1B7-5895-40C3-96AA-92F169F66B98}.SpacedOutRelease|Any CPU.ActiveCfg = SpacedOutRelease|Any CPU
		{49AAD1B7-5895-40C3-96AA-92F169F66B98}.SpacedOutRelease|Any CPU.Build.0 = SpacedOutRelease|Any CPU
		{49AAD1B7-5895-40C3-96AA-92F169F66B98}.VanillaDebug|Any CPU.ActiveCfg = VanillaDebug|Any CPU
		{49AAD1B7-5895-40C3-96AA-92F169F66B98}.VanillaDebug|Any CPU.Build.0 = VanillaDebug|Any CPU
		{49AAD1B7-5895-40C3-96AA-92F169F66B98}.VanillaRelease|Any CPU.ActiveCfg = VanillaRelease|Any CPU
		{49AAD1B7-5895-40C3-96AA-92F169F66B98}.VanillaRelease|Any CPU.Build.0 = VanillaRelease|Any CPU
		{8A9E219D-EF57-4493-92E4-5E509BFFA4E1}.SpacedOutDebug|Any CPU.ActiveCfg = SpacedOutDebug|Any CPU
		{8A9E219D-EF57-4493-92E4-5E509BFFA4E1}.SpacedOutDebug|Any CPU.Build.0 = SpacedOutDebug|Any CPU
		{8A9E219D-EF57-4493-92E4-5E509BFFA4E1}.SpacedOutRelease|Any CPU.ActiveCfg = SpacedOutRelease|Any CPU
		{8A9E219D-EF57-4493-92E4-5E509BFFA4E1}.SpacedOutRelease|Any CPU.Build.0 = SpacedOutRelease|Any CPU
		{8A9E219D-EF57-4493-92E4-5E509BFFA4E1}.VanillaDebug|Any CPU.ActiveCfg = VanillaDebug|Any CPU
		{8A9E219D-EF57-4493-92E4-5E509BFFA4E1}.VanillaDebug|Any CPU.Build.0 = VanillaDebug|Any CPU
		{8A9E219D-EF57-4493-92E4-5E509BFFA4E1}.VanillaRelease|Any CPU.ActiveCfg = VanillaRelease|Any CPU
		{8A9E219D-EF57-4493-92E4-5E509BFFA4E1}.VanillaRelease|Any CPU.Build.0 = VanillaRelease|Any CPU
		{8AFBB895-9E85-49A8-BAA2-009B836C4BB8}.SpacedOutDebug|Any CPU.ActiveCfg = SpacedOutDebug|Any CPU
		{8AFBB895-9E85-49A8-BAA2-009B836C4BB8}.SpacedOutDebug|Any CPU.Build.0 = SpacedOutDebug|Any CPU
		{8AFBB895-9E85-49A8-BAA2-009B836C4BB8}.SpacedOutRelease|Any CPU.ActiveCfg = SpacedOutRelease|Any CPU
		{8AFBB895-9E85-49A8-BAA2-009B836C4BB8}.SpacedOutRelease|Any CPU.Build.0 = SpacedOutRelease|Any CPU
		{8AFBB895-9E85-49A8-BAA2-009B836C4BB8}.VanillaDebug|Any CPU.ActiveCfg = VanillaDebug|Any CPU
		{8AFBB895-9E85-49A8-BAA2-009B836C4BB8}.VanillaDebug|Any CPU.Build.0 = VanillaDebug|Any CPU
		{8AFBB895-9E85-49A8-BAA2-009B836C4BB8}.VanillaRelease|Any CPU.ActiveCfg = VanillaRelease|Any CPU
		{8AFBB895-9E85-49A8-BAA2-009B836C4BB8}.VanillaRelease|Any CPU.Build.0 = VanillaRelease|Any CPU
		{9A77C55D-CF9C-4E16-ACA4-9844821F67DA}.SpacedOutDebug|Any CPU.ActiveCfg = SpacedOutDebug|Any CPU
		{9A77C55D-CF9C-4E16-ACA4-9844821F67DA}.SpacedOutDebug|Any CPU.Build.0 = SpacedOutDebug|Any CPU
		{9A77C55D-CF9C-4E16-ACA4-9844821F67DA}.SpacedOutRelease|Any CPU.ActiveCfg = SpacedOutRelease|Any CPU
		{9A77C55D-CF9C-4E16-ACA4-9844821F67DA}.SpacedOutRelease|Any CPU.Build.0 = SpacedOutRelease|Any CPU
		{9A77C55D-CF9C-4E16-ACA4-9844821F67DA}.VanillaDebug|Any CPU.ActiveCfg = VanillaDebug|Any CPU
		{9A77C55D-CF9C-4E16-ACA4-9844821F67DA}.VanillaDebug|Any CPU.Build.0 = VanillaDebug|Any CPU
		{9A77C55D-CF9C-4E16-ACA4-9844821F67DA}.VanillaRelease|Any CPU.ActiveCfg = VanillaRelease|Any CPU
		{9A77C55D-CF9C-4E16-ACA4-9844821F67DA}.VanillaRelease|Any CPU.Build.0 = VanillaRelease|Any CPU
		{26766715-4733-45CB-BDFE-4A544091AEBC}.SpacedOutDebug|Any CPU.ActiveCfg = SpacedOutDebug|Any CPU
		{26766715-4733-45CB-BDFE-4A544091AEBC}.SpacedOutDebug|Any CPU.Build.0 = SpacedOutDebug|Any CPU
		{26766715-4733-45CB-BDFE-4A544091AEBC}.SpacedOutRelease|Any CPU.ActiveCfg = SpacedOutRelease|Any CPU
		{26766715-4733-45CB-BDFE-4A544091AEBC}.SpacedOutRelease|Any CPU.Build.0 = SpacedOutRelease|Any CPU
		{26766715-4733-45CB-BDFE-4A544091AEBC}.VanillaDebug|Any CPU.ActiveCfg = VanillaDebug|Any CPU
		{26766715-4733-45CB-BDFE-4A544091AEBC}.VanillaDebug|Any CPU.Build.0 = VanillaDebug|Any CPU
		{26766715-4733-45CB-BDFE-4A544091AEBC}.VanillaRelease|Any CPU.ActiveCfg = VanillaRelease|Any CPU
		{26766715-4733-45CB-BDFE-4A544091AEBC}.VanillaRelease|Any CPU.Build.0 = VanillaRelease|Any CPU
		{B732436D-6C87-487B-86D2-10E3F270E4B5}.SpacedOutDebug|Any CPU.ActiveCfg = SpacedOutDebug|Any CPU
		{B732436D-6C87-487B-86D2-10E3F270E4B5}.SpacedOutDebug|Any CPU.Build.0 = SpacedOutDebug|Any CPU
		{B732436D-6C87-487B-86D2-10E3F270E4B5}.SpacedOutRelease|Any CPU.ActiveCfg = SpacedOutRelease|Any CPU
		{B732436D-6C87-487B-86D2-10E3F270E4B5}.SpacedOutRelease|Any CPU.Build.0 = SpacedOutRelease|Any CPU
		{B732436D-6C87-487B-86D2-10E3F270E4B5}.VanillaDebug|Any CPU.ActiveCfg = VanillaDebug|Any CPU
		{B732436D-6C87-487B-86D2-10E3F270E4B5}.VanillaDebug|Any CPU.Build.0 = VanillaDebug|Any CPU
		{B732436D-6C87-487B-86D2-10E3F270E4B5}.VanillaRelease|Any CPU.ActiveCfg = VanillaRelease|Any CPU
		{B732436D-6C87-487B-86D2-10E3F270E4B5}.VanillaRelease|Any CPU.Build.0 = VanillaRelease|Any CPU
		{81AF11CC-7A6A-4F2A-BE2A-EB928E10E088}.SpacedOutDebug|Any CPU.ActiveCfg = SpacedOutDebug|Any CPU
		{81AF11CC-7A6A-4F2A-BE2A-EB928E10E088}.SpacedOutDebug|Any CPU.Build.0 = SpacedOutDebug|Any CPU
		{81AF11CC-7A6A-4F2A-BE2A-EB928E10E088}.SpacedOutRelease|Any CPU.ActiveCfg = SpacedOutRelease|Any CPU
		{81AF11CC-7A6A-4F2A-BE2A-EB928E10E088}.SpacedOutRelease|Any CPU.Build.0 = SpacedOutRelease|Any CPU
		{81AF11CC-7A6A-4F2A-BE2A-EB928E10E088}.VanillaDebug|Any CPU.ActiveCfg = VanillaDebug|Any CPU
		{81AF11CC-7A6A-4F2A-BE2A-EB928E10E088}.VanillaDebug|Any CPU.Build.0 = VanillaDebug|Any CPU
		{81AF11CC-7A6A-4F2A-BE2A-EB928E10E088}.VanillaRelease|Any CPU.ActiveCfg = VanillaRelease|Any CPU
		{81AF11CC-7A6A-4F2A-BE2A-EB928E10E088}.VanillaRelease|Any CPU.Build.0 = VanillaRelease|Any CPU
		{172D2D02-9391-4913-92CE-2E77EE5980BB}.SpacedOutDebug|Any CPU.ActiveCfg = SpacedOutDebug|Any CPU
		{172D2D02-9391-4913-92CE-2E77EE5980BB}.SpacedOutDebug|Any CPU.Build.0 = SpacedOutDebug|Any CPU
		{172D2D02-9391-4913-92CE-2E77EE5980BB}.SpacedOutRelease|Any CPU.ActiveCfg = SpacedOutRelease|Any CPU
		{172D2D02-9391-4913-92CE-2E77EE5980BB}.SpacedOutRelease|Any CPU.Build.0 = SpacedOutRelease|Any CPU
		{172D2D02-9391-4913-92CE-2E77EE5980BB}.VanillaDebug|Any CPU.ActiveCfg = VanillaDebug|Any CPU
		{172D2D02-9391-4913-92CE-2E77EE5980BB}.VanillaDebug|Any CPU.Build.0 = VanillaDebug|Any CPU
		{172D2D02-9391-4913-92CE-2E77EE5980BB}.VanillaRelease|Any CPU.ActiveCfg = VanillaRelease|Any CPU
		{172D2D02-9391-4913-92CE-2E77EE5980BB}.VanillaRelease|Any CPU.Build.0 = VanillaRelease|Any CPU
		{5260D58E-F491-4BDD-B05C-EB545EE5F89A}.SpacedOutDebug|Any CPU.ActiveCfg = SpacedOutDebug|Any CPU
		{5260D58E-F491-4BDD-B05C-EB545EE5F89A}.SpacedOutDebug|Any CPU.Build.0 = SpacedOutDebug|Any CPU
		{5260D58E-F491-4BDD-B05C-EB545EE5F89A}.SpacedOutRelease|Any CPU.ActiveCfg = SpacedOutRelease|Any CPU
		{5260D58E-F491-4BDD-B05C-EB545EE5F89A}.SpacedOutRelease|Any CPU.Build.0 = SpacedOutRelease|Any CPU
		{5260D58E-F491-4BDD-B05C-EB545EE5F89A}.VanillaDebug|Any CPU.ActiveCfg = VanillaDebug|Any CPU
		{5260D58E-F491-4BDD-B05C-EB545EE5F89A}.VanillaDebug|Any CPU.Build.0 = VanillaDebug|Any CPU
		{5260D58E-F491-4BDD-B05C-EB545EE5F89A}.VanillaRelease|Any CPU.ActiveCfg = VanillaRelease|Any CPU
		{5260D58E-F491-4BDD-B05C-EB545EE5F89A}.VanillaRelease|Any CPU.Build.0 = VanillaRelease|Any CPU
		{E0E13C69-5124-446D-AE9A-81C844C49830}.SpacedOutDebug|Any CPU.ActiveCfg = SpacedOutDebug|Any CPU
		{E0E13C69-5124-446D-AE9A-81C844C49830}.SpacedOutDebug|Any CPU.Build.0 = SpacedOutDebug|Any CPU
		{E0E13C69-5124-446D-AE9A-81C844C49830}.SpacedOutRelease|Any CPU.ActiveCfg = SpacedOutRelease|Any CPU
		{E0E13C69-5124-446D-AE9A-81C844C49830}.SpacedOutRelease|Any CPU.Build.0 = SpacedOutRelease|Any CPU
		{E0E13C69-5124-446D-AE9A-81C844C49830}.VanillaDebug|Any CPU.ActiveCfg = VanillaDebug|Any CPU
		{E0E13C69-5124-446D-AE9A-81C844C49830}.VanillaDebug|Any CPU.Build.0 = VanillaDebug|Any CPU
		{E0E13C69-5124-446D-AE9A-81C844C49830}.VanillaRelease|Any CPU.ActiveCfg = VanillaRelease|Any CPU
		{E0E13C69-5124-446D-AE9A-81C844C49830}.VanillaRelease|Any CPU.Build.0 = VanillaRelease|Any CPU
		{6BC6635F-12EE-4CD9-B26D-05FBB53DB940}.SpacedOutDebug|Any CPU.ActiveCfg = SpacedOutDebug|Any CPU
		{6BC6635F-12EE-4CD9-B26D-05FBB53DB940}.SpacedOutDebug|Any CPU.Build.0 = SpacedOutDebug|Any CPU
		{6BC6635F-12EE-4CD9-B26D-05FBB53DB940}.SpacedOutRelease|Any CPU.ActiveCfg = SpacedOutRelease|Any CPU
		{6BC6635F-12EE-4CD9-B26D-05FBB53DB940}.SpacedOutRelease|Any CPU.Build.0 = SpacedOutRelease|Any CPU
		{6BC6635F-12EE-4CD9-B26D-05FBB53DB940}.VanillaDebug|Any CPU.ActiveCfg = VanillaDebug|Any CPU
		{6BC6635F-12EE-4CD9-B26D-05FBB53DB940}.VanillaDebug|Any CPU.Build.0 = VanillaDebug|Any CPU
		{6BC6635F-12EE-4CD9-B26D-05FBB53DB940}.VanillaRelease|Any CPU.ActiveCfg = VanillaRelease|Any CPU
		{6BC6635F-12EE-4CD9-B26D-05FBB53DB940}.VanillaRelease|Any CPU.Build.0 = VanillaRelease|Any CPU
		{2D9FE5B8-ABA8-4689-A3FE-398CF3291A2E}.SpacedOutDebug|Any CPU.ActiveCfg = SpacedOutDebug|Any CPU
		{2D9FE5B8-ABA8-4689-A3FE-398CF3291A2E}.SpacedOutDebug|Any CPU.Build.0 = SpacedOutDebug|Any CPU
		{2D9FE5B8-ABA8-4689-A3FE-398CF3291A2E}.SpacedOutRelease|Any CPU.ActiveCfg = SpacedOutRelease|Any CPU
		{2D9FE5B8-ABA8-4689-A3FE-398CF3291A2E}.SpacedOutRelease|Any CPU.Build.0 = SpacedOutRelease|Any CPU
		{2D9FE5B8-ABA8-4689-A3FE-398CF3291A2E}.VanillaDebug|Any CPU.ActiveCfg = VanillaDebug|Any CPU
		{2D9FE5B8-ABA8-4689-A3FE-398CF3291A2E}.VanillaDebug|Any CPU.Build.0 = VanillaDebug|Any CPU
		{2D9FE5B8-ABA8-4689-A3FE-398CF3291A2E}.VanillaRelease|Any CPU.ActiveCfg = VanillaRelease|Any CPU
		{2D9FE5B8-ABA8-4689-A3FE-398CF3291A2E}.VanillaRelease|Any CPU.Build.0 = VanillaRelease|Any CPU
		{CABB3EF6-E62F-4932-9544-6B852143230A}.SpacedOutDebug|Any CPU.ActiveCfg = SpacedOutDebug|Any CPU
		{CABB3EF6-E62F-4932-9544-6B852143230A}.SpacedOutDebug|Any CPU.Build.0 = SpacedOutDebug|Any CPU
		{CABB3EF6-E62F-4932-9544-6B852143230A}.SpacedOutRelease|Any CPU.ActiveCfg = SpacedOutRelease|Any CPU
		{CABB3EF6-E62F-4932-9544-6B852143230A}.SpacedOutRelease|Any CPU.Build.0 = SpacedOutRelease|Any CPU
		{CABB3EF6-E62F-4932-9544-6B852143230A}.VanillaDebug|Any CPU.ActiveCfg = VanillaDebug|Any CPU
		{CABB3EF6-E62F-4932-9544-6B852143230A}.VanillaDebug|Any CPU.Build.0 = VanillaDebug|Any CPU
		{CABB3EF6-E62F-4932-9544-6B852143230A}.VanillaRelease|Any CPU.ActiveCfg = VanillaRelease|Any CPU
		{CABB3EF6-E62F-4932-9544-6B852143230A}.VanillaRelease|Any CPU.Build.0 = VanillaRelease|Any CPU
		{B046A213-8AF8-4CA1-8024-B3F8209D24CA}.SpacedOutDebug|Any CPU.ActiveCfg = SpacedOutDebug|Any CPU
		{B046A213-8AF8-4CA1-8024-B3F8209D24CA}.SpacedOutDebug|Any CPU.Build.0 = SpacedOutDebug|Any CPU
		{B046A213-8AF8-4CA1-8024-B3F8209D24CA}.SpacedOutRelease|Any CPU.ActiveCfg = SpacedOutRelease|Any CPU
		{B046A213-8AF8-4CA1-8024-B3F8209D24CA}.SpacedOutRelease|Any CPU.Build.0 = SpacedOutRelease|Any CPU
		{B046A213-8AF8-4CA1-8024-B3F8209D24CA}.VanillaDebug|Any CPU.ActiveCfg = VanillaDebug|Any CPU
		{B046A213-8AF8-4CA1-8024-B3F8209D24CA}.VanillaDebug|Any CPU.Build.0 = VanillaDebug|Any CPU
		{B046A213-8AF8-4CA1-8024-B3F8209D24CA}.VanillaRelease|Any CPU.ActiveCfg = VanillaRelease|Any CPU
		{B046A213-8AF8-4CA1-8024-B3F8209D24CA}.VanillaRelease|Any CPU.Build.0 = VanillaRelease|Any CPU
		{00887A44-0EB3-455B-956D-1FBCA9A2B7FE}.SpacedOutDebug|Any CPU.ActiveCfg = SpacedOutDebug|Any CPU
		{00887A44-0EB3-455B-956D-1FBCA9A2B7FE}.SpacedOutDebug|Any CPU.Build.0 = SpacedOutDebug|Any CPU
		{00887A44-0EB3-455B-956D-1FBCA9A2B7FE}.SpacedOutRelease|Any CPU.ActiveCfg = SpacedOutRelease|Any CPU
		{00887A44-0EB3-455B-956D-1FBCA9A2B7FE}.SpacedOutRelease|Any CPU.Build.0 = SpacedOutRelease|Any CPU
		{00887A44-0EB3-455B-956D-1FBCA9A2B7FE}.VanillaDebug|Any CPU.ActiveCfg = VanillaDebug|Any CPU
		{00887A44-0EB3-455B-956D-1FBCA9A2B7FE}.VanillaDebug|Any CPU.Build.0 = VanillaDebug|Any CPU
		{00887A44-0EB3-455B-956D-1FBCA9A2B7FE}.VanillaRelease|Any CPU.ActiveCfg = VanillaRelease|Any CPU
		{00887A44-0EB3-455B-956D-1FBCA9A2B7FE}.VanillaRelease|Any CPU.Build.0 = VanillaRelease|Any CPU
		{B0312AD8-CAB1-4FD3-9EE7-EB41208CA537}.SpacedOutDebug|Any CPU.ActiveCfg = SpacedOutDebug|Any CPU
		{B0312AD8-CAB1-4FD3-9EE7-EB41208CA537}.SpacedOutDebug|Any CPU.Build.0 = SpacedOutDebug|Any CPU
		{B0312AD8-CAB1-4FD3-9EE7-EB41208CA537}.SpacedOutRelease|Any CPU.ActiveCfg = SpacedOutRelease|Any CPU
		{B0312AD8-CAB1-4FD3-9EE7-EB41208CA537}.SpacedOutRelease|Any CPU.Build.0 = SpacedOutRelease|Any CPU
		{B0312AD8-CAB1-4FD3-9EE7-EB41208CA537}.VanillaDebug|Any CPU.ActiveCfg = VanillaDebug|Any CPU
		{B0312AD8-CAB1-4FD3-9EE7-EB41208CA537}.VanillaDebug|Any CPU.Build.0 = VanillaDebug|Any CPU
		{B0312AD8-CAB1-4FD3-9EE7-EB41208CA537}.VanillaRelease|Any CPU.ActiveCfg = VanillaRelease|Any CPU
		{B0312AD8-CAB1-4FD3-9EE7-EB41208CA537}.VanillaRelease|Any CPU.Build.0 = VanillaRelease|Any CPU
		{75BDFADD-CE37-42C3-869D-F3EB2C064170}.SpacedOutDebug|Any CPU.ActiveCfg = SpacedOutDebug|Any CPU
		{75BDFADD-CE37-42C3-869D-F3EB2C064170}.SpacedOutDebug|Any CPU.Build.0 = SpacedOutDebug|Any CPU
		{75BDFADD-CE37-42C3-869D-F3EB2C064170}.SpacedOutRelease|Any CPU.ActiveCfg = SpacedOutRelease|Any CPU
		{75BDFADD-CE37-42C3-869D-F3EB2C064170}.SpacedOutRelease|Any CPU.Build.0 = SpacedOutRelease|Any CPU
		{75BDFADD-CE37-42C3-869D-F3EB2C064170}.VanillaDebug|Any CPU.ActiveCfg = VanillaDebug|Any CPU
		{75BDFADD-CE37-42C3-869D-F3EB2C064170}.VanillaDebug|Any CPU.Build.0 = VanillaDebug|Any CPU
		{75BDFADD-CE37-42C3-869D-F3EB2C064170}.VanillaRelease|Any CPU.ActiveCfg = VanillaRelease|Any CPU
		{75BDFADD-CE37-42C3-869D-F3EB2C064170}.VanillaRelease|Any CPU.Build.0 = VanillaRelease|Any CPU
		{C8970347-23A9-4950-839F-A8ECE55E25CE}.SpacedOutDebug|Any CPU.ActiveCfg = SpacedOutDebug|Any CPU
		{C8970347-23A9-4950-839F-A8ECE55E25CE}.SpacedOutDebug|Any CPU.Build.0 = SpacedOutDebug|Any CPU
		{C8970347-23A9-4950-839F-A8ECE55E25CE}.SpacedOutRelease|Any CPU.ActiveCfg = SpacedOutRelease|Any CPU
		{C8970347-23A9-4950-839F-A8ECE55E25CE}.SpacedOutRelease|Any CPU.Build.0 = SpacedOutRelease|Any CPU
		{C8970347-23A9-4950-839F-A8ECE55E25CE}.VanillaDebug|Any CPU.ActiveCfg = VanillaDebug|Any CPU
		{C8970347-23A9-4950-839F-A8ECE55E25CE}.VanillaDebug|Any CPU.Build.0 = VanillaDebug|Any CPU
		{C8970347-23A9-4950-839F-A8ECE55E25CE}.VanillaRelease|Any CPU.ActiveCfg = VanillaRelease|Any CPU
		{C8970347-23A9-4950-839F-A8ECE55E25CE}.VanillaRelease|Any CPU.Build.0 = VanillaRelease|Any CPU
		{0CB63A70-9FA0-4A92-A9BD-C88F4B08F9D2}.SpacedOutDebug|Any CPU.ActiveCfg = SpacedOutDebug|Any CPU
		{0CB63A70-9FA0-4A92-A9BD-C88F4B08F9D2}.SpacedOutDebug|Any CPU.Build.0 = SpacedOutDebug|Any CPU
		{0CB63A70-9FA0-4A92-A9BD-C88F4B08F9D2}.SpacedOutRelease|Any CPU.ActiveCfg = SpacedOutRelease|Any CPU
		{0CB63A70-9FA0-4A92-A9BD-C88F4B08F9D2}.SpacedOutRelease|Any CPU.Build.0 = SpacedOutRelease|Any CPU
		{0CB63A70-9FA0-4A92-A9BD-C88F4B08F9D2}.VanillaDebug|Any CPU.ActiveCfg = VanillaDebug|Any CPU
		{0CB63A70-9FA0-4A92-A9BD-C88F4B08F9D2}.VanillaDebug|Any CPU.Build.0 = VanillaDebug|Any CPU
		{0CB63A70-9FA0-4A92-A9BD-C88F4B08F9D2}.VanillaRelease|Any CPU.ActiveCfg = VanillaRelease|Any CPU
		{0CB63A70-9FA0-4A92-A9BD-C88F4B08F9D2}.VanillaRelease|Any CPU.Build.0 = VanillaRelease|Any CPU
		{A7DFF257-A10A-4574-9A6E-70D0DFF52FF3}.SpacedOutDebug|Any CPU.ActiveCfg = SpacedOutDebug|Any CPU
		{A7DFF257-A10A-4574-9A6E-70D0DFF52FF3}.SpacedOutDebug|Any CPU.Build.0 = SpacedOutDebug|Any CPU
		{A7DFF257-A10A-4574-9A6E-70D0DFF52FF3}.SpacedOutRelease|Any CPU.ActiveCfg = SpacedOutRelease|Any CPU
		{A7DFF257-A10A-4574-9A6E-70D0DFF52FF3}.SpacedOutRelease|Any CPU.Build.0 = SpacedOutRelease|Any CPU
		{A7DFF257-A10A-4574-9A6E-70D0DFF52FF3}.VanillaDebug|Any CPU.ActiveCfg = VanillaDebug|Any CPU
		{A7DFF257-A10A-4574-9A6E-70D0DFF52FF3}.VanillaDebug|Any CPU.Build.0 = VanillaDebug|Any CPU
		{A7DFF257-A10A-4574-9A6E-70D0DFF52FF3}.VanillaRelease|Any CPU.ActiveCfg = VanillaRelease|Any CPU
		{A7DFF257-A10A-4574-9A6E-70D0DFF52FF3}.VanillaRelease|Any CPU.Build.0 = VanillaRelease|Any CPU
		{4D49609F-40B3-4A26-BA6F-1DB0E14D4F47}.SpacedOutDebug|Any CPU.ActiveCfg = SpacedOutDebug|Any CPU
		{4D49609F-40B3-4A26-BA6F-1DB0E14D4F47}.SpacedOutDebug|Any CPU.Build.0 = SpacedOutDebug|Any CPU
		{4D49609F-40B3-4A26-BA6F-1DB0E14D4F47}.SpacedOutRelease|Any CPU.ActiveCfg = SpacedOutRelease|Any CPU
		{4D49609F-40B3-4A26-BA6F-1DB0E14D4F47}.SpacedOutRelease|Any CPU.Build.0 = SpacedOutRelease|Any CPU
		{4D49609F-40B3-4A26-BA6F-1DB0E14D4F47}.VanillaDebug|Any CPU.ActiveCfg = VanillaDebug|Any CPU
		{4D49609F-40B3-4A26-BA6F-1DB0E14D4F47}.VanillaDebug|Any CPU.Build.0 = VanillaDebug|Any CPU
		{4D49609F-40B3-4A26-BA6F-1DB0E14D4F47}.VanillaRelease|Any CPU.ActiveCfg = VanillaRelease|Any CPU
		{4D49609F-40B3-4A26-BA6F-1DB0E14D4F47}.VanillaRelease|Any CPU.Build.0 = VanillaRelease|Any CPU
		{B6886803-1704-40F7-81F1-0F6BEFF776A2}.SpacedOutDebug|Any CPU.ActiveCfg = SpacedOutDebug|Any CPU
		{B6886803-1704-40F7-81F1-0F6BEFF776A2}.SpacedOutDebug|Any CPU.Build.0 = SpacedOutDebug|Any CPU
		{B6886803-1704-40F7-81F1-0F6BEFF776A2}.SpacedOutRelease|Any CPU.ActiveCfg = SpacedOutRelease|Any CPU
		{B6886803-1704-40F7-81F1-0F6BEFF776A2}.SpacedOutRelease|Any CPU.Build.0 = SpacedOutRelease|Any CPU
		{B6886803-1704-40F7-81F1-0F6BEFF776A2}.VanillaDebug|Any CPU.ActiveCfg = VanillaDebug|Any CPU
		{B6886803-1704-40F7-81F1-0F6BEFF776A2}.VanillaDebug|Any CPU.Build.0 = VanillaDebug|Any CPU
		{B6886803-1704-40F7-81F1-0F6BEFF776A2}.VanillaRelease|Any CPU.ActiveCfg = VanillaRelease|Any CPU
		{B6886803-1704-40F7-81F1-0F6BEFF776A2}.VanillaRelease|Any CPU.Build.0 = VanillaRelease|Any CPU
		{E0DD3489-4BAD-4EDE-AF0D-DDEB9E149D19}.SpacedOutDebug|Any CPU.ActiveCfg = SpacedOutDebug|Any CPU
		{E0DD3489-4BAD-4EDE-AF0D-DDEB9E149D19}.SpacedOutDebug|Any CPU.Build.0 = SpacedOutDebug|Any CPU
		{E0DD3489-4BAD-4EDE-AF0D-DDEB9E149D19}.SpacedOutRelease|Any CPU.ActiveCfg = SpacedOutRelease|Any CPU
		{E0DD3489-4BAD-4EDE-AF0D-DDEB9E149D19}.SpacedOutRelease|Any CPU.Build.0 = SpacedOutRelease|Any CPU
		{E0DD3489-4BAD-4EDE-AF0D-DDEB9E149D19}.VanillaDebug|Any CPU.ActiveCfg = VanillaDebug|Any CPU
		{E0DD3489-4BAD-4EDE-AF0D-DDEB9E149D19}.VanillaDebug|Any CPU.Build.0 = VanillaDebug|Any CPU
		{E0DD3489-4BAD-4EDE-AF0D-DDEB9E149D19}.VanillaRelease|Any CPU.ActiveCfg = VanillaRelease|Any CPU
		{E0DD3489-4BAD-4EDE-AF0D-DDEB9E149D19}.VanillaRelease|Any CPU.Build.0 = VanillaRelease|Any CPU
		{67E1F9EE-937F-4017-B3FD-1E7777E3D7AF}.SpacedOutDebug|Any CPU.ActiveCfg = SpacedOutDebug|Any CPU
		{67E1F9EE-937F-4017-B3FD-1E7777E3D7AF}.SpacedOutDebug|Any CPU.Build.0 = SpacedOutDebug|Any CPU
		{67E1F9EE-937F-4017-B3FD-1E7777E3D7AF}.SpacedOutRelease|Any CPU.ActiveCfg = SpacedOutRelease|Any CPU
		{67E1F9EE-937F-4017-B3FD-1E7777E3D7AF}.SpacedOutRelease|Any CPU.Build.0 = SpacedOutRelease|Any CPU
		{67E1F9EE-937F-4017-B3FD-1E7777E3D7AF}.VanillaDebug|Any CPU.ActiveCfg = VanillaDebug|Any CPU
		{67E1F9EE-937F-4017-B3FD-1E7777E3D7AF}.VanillaDebug|Any CPU.Build.0 = VanillaDebug|Any CPU
		{67E1F9EE-937F-4017-B3FD-1E7777E3D7AF}.VanillaRelease|Any CPU.ActiveCfg = VanillaRelease|Any CPU
		{67E1F9EE-937F-4017-B3FD-1E7777E3D7AF}.VanillaRelease|Any CPU.Build.0 = VanillaRelease|Any CPU
		{2DED5B57-FD32-4F67-88B5-924AC4300952}.SpacedOutDebug|Any CPU.ActiveCfg = SpacedOutDebug|Any CPU
		{2DED5B57-FD32-4F67-88B5-924AC4300952}.SpacedOutDebug|Any CPU.Build.0 = SpacedOutDebug|Any CPU
		{2DED5B57-FD32-4F67-88B5-924AC4300952}.SpacedOutRelease|Any CPU.ActiveCfg = SpacedOutRelease|Any CPU
		{2DED5B57-FD32-4F67-88B5-924AC4300952}.SpacedOutRelease|Any CPU.Build.0 = SpacedOutRelease|Any CPU
		{2DED5B57-FD32-4F67-88B5-924AC4300952}.VanillaDebug|Any CPU.ActiveCfg = VanillaDebug|Any CPU
		{2DED5B57-FD32-4F67-88B5-924AC4300952}.VanillaDebug|Any CPU.Build.0 = VanillaDebug|Any CPU
		{2DED5B57-FD32-4F67-88B5-924AC4300952}.VanillaRelease|Any CPU.ActiveCfg = VanillaRelease|Any CPU
		{2DED5B57-FD32-4F67-88B5-924AC4300952}.VanillaRelease|Any CPU.Build.0 = VanillaRelease|Any CPU
		{BEF30A03-2598-41CC-897F-A3C4C85CCD10}.SpacedOutDebug|Any CPU.ActiveCfg = SpacedOutDebug|Any CPU
		{BEF30A03-2598-41CC-897F-A3C4C85CCD10}.SpacedOutDebug|Any CPU.Build.0 = SpacedOutDebug|Any CPU
		{BEF30A03-2598-41CC-897F-A3C4C85CCD10}.SpacedOutRelease|Any CPU.ActiveCfg = SpacedOutRelease|Any CPU
		{BEF30A03-2598-41CC-897F-A3C4C85CCD10}.SpacedOutRelease|Any CPU.Build.0 = SpacedOutRelease|Any CPU
		{BEF30A03-2598-41CC-897F-A3C4C85CCD10}.VanillaDebug|Any CPU.ActiveCfg = VanillaDebug|Any CPU
		{BEF30A03-2598-41CC-897F-A3C4C85CCD10}.VanillaDebug|Any CPU.Build.0 = VanillaDebug|Any CPU
		{BEF30A03-2598-41CC-897F-A3C4C85CCD10}.VanillaRelease|Any CPU.ActiveCfg = VanillaRelease|Any CPU
		{BEF30A03-2598-41CC-897F-A3C4C85CCD10}.VanillaRelease|Any CPU.Build.0 = VanillaRelease|Any CPU
		{36735139-281B-4A61-BFFD-D12FD187A2EF}.SpacedOutDebug|Any CPU.ActiveCfg = SpacedOutDebug|Any CPU
		{36735139-281B-4A61-BFFD-D12FD187A2EF}.SpacedOutDebug|Any CPU.Build.0 = SpacedOutDebug|Any CPU
		{36735139-281B-4A61-BFFD-D12FD187A2EF}.SpacedOutRelease|Any CPU.ActiveCfg = SpacedOutRelease|Any CPU
		{36735139-281B-4A61-BFFD-D12FD187A2EF}.SpacedOutRelease|Any CPU.Build.0 = SpacedOutRelease|Any CPU
		{36735139-281B-4A61-BFFD-D12FD187A2EF}.VanillaDebug|Any CPU.ActiveCfg = VanillaDebug|Any CPU
		{36735139-281B-4A61-BFFD-D12FD187A2EF}.VanillaDebug|Any CPU.Build.0 = VanillaDebug|Any CPU
		{36735139-281B-4A61-BFFD-D12FD187A2EF}.VanillaRelease|Any CPU.ActiveCfg = VanillaRelease|Any CPU
		{36735139-281B-4A61-BFFD-D12FD187A2EF}.VanillaRelease|Any CPU.Build.0 = VanillaRelease|Any CPU
		{D47BE3E7-1B19-4120-8BA4-60BC31AAF0F8}.SpacedOutDebug|Any CPU.ActiveCfg = SpacedOutDebug|Any CPU
		{D47BE3E7-1B19-4120-8BA4-60BC31AAF0F8}.SpacedOutDebug|Any CPU.Build.0 = SpacedOutDebug|Any CPU
		{D47BE3E7-1B19-4120-8BA4-60BC31AAF0F8}.SpacedOutRelease|Any CPU.ActiveCfg = SpacedOutRelease|Any CPU
		{D47BE3E7-1B19-4120-8BA4-60BC31AAF0F8}.SpacedOutRelease|Any CPU.Build.0 = SpacedOutRelease|Any CPU
		{D47BE3E7-1B19-4120-8BA4-60BC31AAF0F8}.VanillaDebug|Any CPU.ActiveCfg = VanillaDebug|Any CPU
		{D47BE3E7-1B19-4120-8BA4-60BC31AAF0F8}.VanillaDebug|Any CPU.Build.0 = VanillaDebug|Any CPU
		{D47BE3E7-1B19-4120-8BA4-60BC31AAF0F8}.VanillaRelease|Any CPU.ActiveCfg = VanillaRelease|Any CPU
		{D47BE3E7-1B19-4120-8BA4-60BC31AAF0F8}.VanillaRelease|Any CPU.Build.0 = VanillaRelease|Any CPU
		{034CAEB1-930B-49AC-8F0C-9451F0345176}.SpacedOutDebug|Any CPU.ActiveCfg = SpacedOutDebug|Any CPU
		{034CAEB1-930B-49AC-8F0C-9451F0345176}.SpacedOutDebug|Any CPU.Build.0 = SpacedOutDebug|Any CPU
		{034CAEB1-930B-49AC-8F0C-9451F0345176}.SpacedOutRelease|Any CPU.ActiveCfg = SpacedOutRelease|Any CPU
		{034CAEB1-930B-49AC-8F0C-9451F0345176}.SpacedOutRelease|Any CPU.Build.0 = SpacedOutRelease|Any CPU
		{034CAEB1-930B-49AC-8F0C-9451F0345176}.VanillaDebug|Any CPU.ActiveCfg = VanillaDebug|Any CPU
		{034CAEB1-930B-49AC-8F0C-9451F0345176}.VanillaDebug|Any CPU.Build.0 = VanillaDebug|Any CPU
		{034CAEB1-930B-49AC-8F0C-9451F0345176}.VanillaRelease|Any CPU.ActiveCfg = VanillaRelease|Any CPU
		{034CAEB1-930B-49AC-8F0C-9451F0345176}.VanillaRelease|Any CPU.Build.0 = VanillaRelease|Any CPU
		{185032E8-0A01-47AC-890D-25281FDDC646}.SpacedOutDebug|Any CPU.ActiveCfg = SpacedOutDebug|Any CPU
		{185032E8-0A01-47AC-890D-25281FDDC646}.SpacedOutDebug|Any CPU.Build.0 = SpacedOutDebug|Any CPU
		{185032E8-0A01-47AC-890D-25281FDDC646}.SpacedOutRelease|Any CPU.ActiveCfg = SpacedOutRelease|Any CPU
		{185032E8-0A01-47AC-890D-25281FDDC646}.SpacedOutRelease|Any CPU.Build.0 = SpacedOutRelease|Any CPU
		{185032E8-0A01-47AC-890D-25281FDDC646}.VanillaDebug|Any CPU.ActiveCfg = VanillaDebug|Any CPU
		{185032E8-0A01-47AC-890D-25281FDDC646}.VanillaDebug|Any CPU.Build.0 = VanillaDebug|Any CPU
		{185032E8-0A01-47AC-890D-25281FDDC646}.VanillaRelease|Any CPU.ActiveCfg = VanillaRelease|Any CPU
		{185032E8-0A01-47AC-890D-25281FDDC646}.VanillaRelease|Any CPU.Build.0 = VanillaRelease|Any CPU
		{85A32D56-D00E-4703-8066-7BF30EBE1566}.SpacedOutDebug|Any CPU.ActiveCfg = SpacedOutDebug|Any CPU
		{85A32D56-D00E-4703-8066-7BF30EBE1566}.SpacedOutDebug|Any CPU.Build.0 = SpacedOutDebug|Any CPU
		{85A32D56-D00E-4703-8066-7BF30EBE1566}.SpacedOutRelease|Any CPU.ActiveCfg = SpacedOutRelease|Any CPU
		{85A32D56-D00E-4703-8066-7BF30EBE1566}.SpacedOutRelease|Any CPU.Build.0 = SpacedOutRelease|Any CPU
		{85A32D56-D00E-4703-8066-7BF30EBE1566}.VanillaDebug|Any CPU.ActiveCfg = VanillaDebug|Any CPU
		{85A32D56-D00E-4703-8066-7BF30EBE1566}.VanillaDebug|Any CPU.Build.0 = VanillaDebug|Any CPU
		{85A32D56-D00E-4703-8066-7BF30EBE1566}.VanillaRelease|Any CPU.ActiveCfg = VanillaRelease|Any CPU
		{85A32D56-D00E-4703-8066-7BF30EBE1566}.VanillaRelease|Any CPU.Build.0 = VanillaRelease|Any CPU
		{4E2A1264-18B9-46E8-83EC-06616ED3E8FE}.SpacedOutDebug|Any CPU.ActiveCfg = SpacedOutDebug|Any CPU
		{4E2A1264-18B9-46E8-83EC-06616ED3E8FE}.SpacedOutDebug|Any CPU.Build.0 = SpacedOutDebug|Any CPU
		{4E2A1264-18B9-46E8-83EC-06616ED3E8FE}.SpacedOutRelease|Any CPU.ActiveCfg = SpacedOutRelease|Any CPU
		{4E2A1264-18B9-46E8-83EC-06616ED3E8FE}.SpacedOutRelease|Any CPU.Build.0 = SpacedOutRelease|Any CPU
		{4E2A1264-18B9-46E8-83EC-06616ED3E8FE}.VanillaDebug|Any CPU.ActiveCfg = VanillaDebug|Any CPU
		{4E2A1264-18B9-46E8-83EC-06616ED3E8FE}.VanillaDebug|Any CPU.Build.0 = VanillaDebug|Any CPU
		{4E2A1264-18B9-46E8-83EC-06616ED3E8FE}.VanillaRelease|Any CPU.ActiveCfg = VanillaRelease|Any CPU
		{4E2A1264-18B9-46E8-83EC-06616ED3E8FE}.VanillaRelease|Any CPU.Build.0 = VanillaRelease|Any CPU
		{A28E0A6E-BA94-4E5C-AD40-CC18B520F974}.SpacedOutDebug|Any CPU.ActiveCfg = SpacedOutDebug|Any CPU
		{A28E0A6E-BA94-4E5C-AD40-CC18B520F974}.SpacedOutDebug|Any CPU.Build.0 = SpacedOutDebug|Any CPU
		{A28E0A6E-BA94-4E5C-AD40-CC18B520F974}.SpacedOutRelease|Any CPU.ActiveCfg = SpacedOutRelease|Any CPU
		{A28E0A6E-BA94-4E5C-AD40-CC18B520F974}.SpacedOutRelease|Any CPU.Build.0 = SpacedOutRelease|Any CPU
		{A28E0A6E-BA94-4E5C-AD40-CC18B520F974}.VanillaDebug|Any CPU.ActiveCfg = VanillaDebug|Any CPU
		{A28E0A6E-BA94-4E5C-AD40-CC18B520F974}.VanillaDebug|Any CPU.Build.0 = VanillaDebug|Any CPU
		{A28E0A6E-BA94-4E5C-AD40-CC18B520F974}.VanillaRelease|Any CPU.ActiveCfg = VanillaRelease|Any CPU
		{A28E0A6E-BA94-4E5C-AD40-CC18B520F974}.VanillaRelease|Any CPU.Build.0 = VanillaRelease|Any CPU
		{A1A13E01-96CE-403B-B80E-486A34959A80}.SpacedOutDebug|Any CPU.ActiveCfg = SpacedOutDebug|Any CPU
		{A1A13E01-96CE-403B-B80E-486A34959A80}.SpacedOutDebug|Any CPU.Build.0 = SpacedOutDebug|Any CPU
		{A1A13E01-96CE-403B-B80E-486A34959A80}.SpacedOutRelease|Any CPU.ActiveCfg = SpacedOutRelease|Any CPU
		{A1A13E01-96CE-403B-B80E-486A34959A80}.SpacedOutRelease|Any CPU.Build.0 = SpacedOutRelease|Any CPU
		{A1A13E01-96CE-403B-B80E-486A34959A80}.VanillaDebug|Any CPU.ActiveCfg = VanillaDebug|Any CPU
		{A1A13E01-96CE-403B-B80E-486A34959A80}.VanillaDebug|Any CPU.Build.0 = VanillaDebug|Any CPU
		{A1A13E01-96CE-403B-B80E-486A34959A80}.VanillaRelease|Any CPU.ActiveCfg = VanillaRelease|Any CPU
		{A1A13E01-96CE-403B-B80E-486A34959A80}.VanillaRelease|Any CPU.Build.0 = VanillaRelease|Any CPU
		{5FA2D8E4-A656-4B1F-B3A9-33F7823DDAFD}.SpacedOutDebug|Any CPU.ActiveCfg = SpacedOutDebug|Any CPU
		{5FA2D8E4-A656-4B1F-B3A9-33F7823DDAFD}.SpacedOutDebug|Any CPU.Build.0 = SpacedOutDebug|Any CPU
		{5FA2D8E4-A656-4B1F-B3A9-33F7823DDAFD}.SpacedOutRelease|Any CPU.ActiveCfg = SpacedOutRelease|Any CPU
		{5FA2D8E4-A656-4B1F-B3A9-33F7823DDAFD}.SpacedOutRelease|Any CPU.Build.0 = SpacedOutRelease|Any CPU
		{5FA2D8E4-A656-4B1F-B3A9-33F7823DDAFD}.VanillaDebug|Any CPU.ActiveCfg = VanillaDebug|Any CPU
		{5FA2D8E4-A656-4B1F-B3A9-33F7823DDAFD}.VanillaDebug|Any CPU.Build.0 = VanillaDebug|Any CPU
		{5FA2D8E4-A656-4B1F-B3A9-33F7823DDAFD}.VanillaRelease|Any CPU.ActiveCfg = VanillaRelease|Any CPU
		{5FA2D8E4-A656-4B1F-B3A9-33F7823DDAFD}.VanillaRelease|Any CPU.Build.0 = VanillaRelease|Any CPU
		{3882537B-867B-4C09-9B02-832F005E20BD}.SpacedOutDebug|Any CPU.ActiveCfg = SpacedOutDebug|Any CPU
		{3882537B-867B-4C09-9B02-832F005E20BD}.SpacedOutDebug|Any CPU.Build.0 = SpacedOutDebug|Any CPU
		{3882537B-867B-4C09-9B02-832F005E20BD}.SpacedOutRelease|Any CPU.ActiveCfg = SpacedOutRelease|Any CPU
		{3882537B-867B-4C09-9B02-832F005E20BD}.SpacedOutRelease|Any CPU.Build.0 = SpacedOutRelease|Any CPU
		{3882537B-867B-4C09-9B02-832F005E20BD}.VanillaDebug|Any CPU.ActiveCfg = VanillaDebug|Any CPU
		{3882537B-867B-4C09-9B02-832F005E20BD}.VanillaDebug|Any CPU.Build.0 = VanillaDebug|Any CPU
		{3882537B-867B-4C09-9B02-832F005E20BD}.VanillaRelease|Any CPU.ActiveCfg = VanillaRelease|Any CPU
		{3882537B-867B-4C09-9B02-832F005E20BD}.VanillaRelease|Any CPU.Build.0 = VanillaRelease|Any CPU
	EndGlobalSection
	GlobalSection(SolutionProperties) = preSolution
		HideSolutionNode = FALSE
	EndGlobalSection
	GlobalSection(ExtensibilityGlobals) = postSolution
		SolutionGuid = {A891E594-F383-4A36-B723-E43117F7F1B4}
	EndGlobalSection
EndGlobal
